
Microsoft Visual Studio Solution File, Format Version 12.00
# Visual Studio 15
Project("{FAE04EC0-301F-11D3-BF4B-00C04F79EFBC}") = "Assembly-CSharp", "Assembly-CSharp.csproj", "{523F791D-B0BA-4109-9A39-6B789D810DEC}"
EndProject
Global
	GlobalSection(SolutionConfigurationPlatforms) = preSolution
		Debug|Any CPU = Debug|Any CPU
		Release|Any CPU = Release|Any CPU
	EndGlobalSection
	GlobalSection(ProjectConfigurationPlatforms) = postSolution
		{523F791D-B0BA-4109-9A39-6B789D810DEC}.Debug|Any CPU.ActiveCfg = Debug|Any CPU
		{523F791D-B0BA-4109-9A39-6B789D810DEC}.Debug|Any CPU.Build.0 = Debug|Any CPU
		{523F791D-B0BA-4109-9A39-6B789D810DEC}.Release|Any CPU.ActiveCfg = Release|Any CPU
		{523F791D-B0BA-4109-9A39-6B789D810DEC}.Release|Any CPU.Build.0 = Release|Any CPU
	EndGlobalSection
	GlobalSection(SolutionProperties) = preSolution
		HideSolutionNode = FALSE
	EndGlobalSection
EndGlobal
